
Microsoft Visual Studio Solution File, Format Version 12.00
# Visual Studio Version 17
VisualStudioVersion = 17.5.33424.131
MinimumVisualStudioVersion = 10.0.40219.1
Project("{9A19103F-16F7-4668-BE54-9A1E7A4F7556}") = "DataTable", "DataTable\DataTable.csproj", "{CE1A41D7-92DC-47B5-8C50-7E6DA468C93F}"
EndProject
Project("{FAE04EC0-301F-11D3-BF4B-00C04F79EFBC}") = "DataTable.Test", "DataTable.Test\DataTable.Test.csproj", "{796E0EC5-1F12-4516-91C8-D79BF878F29C}"
EndProject
Global
	GlobalSection(SolutionConfigurationPlatforms) = preSolution
		Debug|Any CPU = Debug|Any CPU
		Release|Any CPU = Release|Any CPU
	EndGlobalSection
	GlobalSection(ProjectConfigurationPlatforms) = postSolution
		{CE1A41D7-92DC-47B5-8C50-7E6DA468C93F}.Debug|Any CPU.ActiveCfg = Debug|Any CPU
		{CE1A41D7-92DC-47B5-8C50-7E6DA468C93F}.Debug|Any CPU.Build.0 = Debug|Any CPU
		{CE1A41D7-92DC-47B5-8C50-7E6DA468C93F}.Release|Any CPU.ActiveCfg = Release|Any CPU
		{CE1A41D7-92DC-47B5-8C50-7E6DA468C93F}.Release|Any CPU.Build.0 = Release|Any CPU
		{796E0EC5-1F12-4516-91C8-D79BF878F29C}.Debug|Any CPU.ActiveCfg = Debug|Any CPU
		{796E0EC5-1F12-4516-91C8-D79BF878F29C}.Debug|Any CPU.Build.0 = Debug|Any CPU
		{796E0EC5-1F12-4516-91C8-D79BF878F29C}.Release|Any CPU.ActiveCfg = Release|Any CPU
		{796E0EC5-1F12-4516-91C8-D79BF878F29C}.Release|Any CPU.Build.0 = Release|Any CPU
	EndGlobalSection
	GlobalSection(SolutionProperties) = preSolution
		HideSolutionNode = FALSE
	EndGlobalSection
	GlobalSection(ExtensibilityGlobals) = postSolution
		SolutionGuid = {B66BE63E-E43E-4CD8-8539-D65D1C496225}
	EndGlobalSection
EndGlobal
